Microsoft Visual Studio Solution File, Format Version 12.00
# Visual Studio Version 17
VisualStudioVersion = 17.5.2.0
MinimumVisualStudioVersion = 10.0.40219.1
Project("{FAE04EC0-301F-11D3-BF4B-00C04F79EFBC}") = "Day of the Week", "Day of the Week.csproj", "{5DF1FA4B-A2EF-12F1-F8D9-8613965CF3C0}"
EndProject
Global
	GlobalSection(SolutionConfigurationPlatforms) = preSolution
		Debug|Any CPU = Debug|Any CPU
		Release|Any CPU = Release|Any CPU
	EndGlobalSection
	GlobalSection(ProjectConfigurationPlatforms) = postSolution
		{5DF1FA4B-A2EF-12F1-F8D9-8613965CF3C0}.Debug|Any CPU.ActiveCfg = Debug|Any CPU
		{5DF1FA4B-A2EF-12F1-F8D9-8613965CF3C0}.Debug|Any CPU.Build.0 = Debug|Any CPU
		{5DF1FA4B-A2EF-12F1-F8D9-8613965CF3C0}.Release|Any CPU.ActiveCfg = Release|Any CPU
		{5DF1FA4B-A2EF-12F1-F8D9-8613965CF3C0}.Release|Any CPU.Build.0 = Release|Any CPU
	EndGlobalSection
	GlobalSection(SolutionProperties) = preSolution
		HideSolutionNode = FALSE
	EndGlobalSection
	GlobalSection(ExtensibilityGlobals) = postSolution
		SolutionGuid = {8A884D42-CC5D-460A-81A4-AA6A95671A78}
	EndGlobalSection
EndGlobal
